// !$*UTF8*$!
{
	archiveVersion = 1;
	classes = {
	};
	objectVersion = 56;
	objects = {

/* Begin PBXBuildFile section */
		F4064F7429E1340D006BB626 /* FirstViewController_DelegatePtn.swift in Sources */ = {isa = PBXBuildFile; fileRef = F4064F7329E1340D006BB626 /* FirstViewController_DelegatePtn.swift */; };
		F4064F7629E134BF006BB626 /* SecondViewController_DelegatePtn.swift in Sources */ = {isa = PBXBuildFile; fileRef = F4064F7529E134BF006BB626 /* SecondViewController_DelegatePtn.swift */; };
		F4064F7829E13543006BB626 /* DataBindProtocol.swift in Sources */ = {isa = PBXBuildFile; fileRef = F4064F7729E13543006BB626 /* DataBindProtocol.swift */; };
		F4064F7D29E13873006BB626 /* FirstViewController_Closure.swift in Sources */ = {isa = PBXBuildFile; fileRef = F4064F7C29E13873006BB626 /* FirstViewController_Closure.swift */; };
		F4064F7F29E1387D006BB626 /* SecondViewController_Closure.swift in Sources */ = {isa = PBXBuildFile; fileRef = F4064F7E29E1387D006BB626 /* SecondViewController_Closure.swift */; };
		F4064F8229E13E47006BB626 /* SnapKit in Frameworks */ = {isa = PBXBuildFile; productRef = F4064F8129E13E47006BB626 /* SnapKit */; };
		F4064F8529E141DC006BB626 /* Then in Frameworks */ = {isa = PBXBuildFile; productRef = F4064F8429E141DC006BB626 /* Then */; };
		F4064F8829E14277006BB626 /* Inject in Frameworks */ = {isa = PBXBuildFile; productRef = F4064F8729E14277006BB626 /* Inject */; };
		F4064F8C29E1485C006BB626 /* FirstViewController_Ex1.swift in Sources */ = {isa = PBXBuildFile; fileRef = F4064F8B29E1485C006BB626 /* FirstViewController_Ex1.swift */; };
		F4064F8E29E14988006BB626 /* SecondViewController_Ex1.swift in Sources */ = {isa = PBXBuildFile; fileRef = F4064F8D29E14988006BB626 /* SecondViewController_Ex1.swift */; };
		F4289C5229EE70A60045BEC8 /* LogInViewController.swift in Sources */ = {isa = PBXBuildFile; fileRef = F4289C5129EE70A60045BEC8 /* LogInViewController.swift */; };
		F44B4E2F29D7FA29003658CD /* AppDelegate.swift in Sources */ = {isa = PBXBuildFile; fileRef = F44B4E2E29D7FA29003658CD /* AppDelegate.swift */; };
		F44B4E3129D7FA29003658CD /* SceneDelegate.swift in Sources */ = {isa = PBXBuildFile; fileRef = F44B4E3029D7FA29003658CD /* SceneDelegate.swift */; };
		F44B4E3329D7FA29003658CD /* ViewController.swift in Sources */ = {isa = PBXBuildFile; fileRef = F44B4E3229D7FA29003658CD /* ViewController.swift */; };
		F44B4E3829D7FA2A003658CD /* Assets.xcassets in Resources */ = {isa = PBXBuildFile; fileRef = F44B4E3729D7FA2A003658CD /* Assets.xcassets */; };
		F44B4E3B29D7FA2A003658CD /* LaunchScreen.storyboard in Resources */ = {isa = PBXBuildFile; fileRef = F44B4E3929D7FA2A003658CD /* LaunchScreen.storyboard */; };
		F44B4E4329D806BC003658CD /* PracticeViewController.swift in Sources */ = {isa = PBXBuildFile; fileRef = F44B4E4229D806BC003658CD /* PracticeViewController.swift */; };
		F44B4E4529D80FC6003658CD /* PracticeViewController2.swift in Sources */ = {isa = PBXBuildFile; fileRef = F44B4E4429D80FC6003658CD /* PracticeViewController2.swift */; };
		F470034E29F26AF80034E787 /* NicknameViewController.swift in Sources */ = {isa = PBXBuildFile; fileRef = F470034D29F26AF80034E787 /* NicknameViewController.swift */; };
		F470037B29F3A7AC0034E787 /* CommonView.swift in Sources */ = {isa = PBXBuildFile; fileRef = F470037A29F3A7AC0034E787 /* CommonView.swift */; };
		F470037D29F3A8EF0034E787 /* SecondViewController.swift in Sources */ = {isa = PBXBuildFile; fileRef = F470037C29F3A8EF0034E787 /* SecondViewController.swift */; };
		F470037F29F3ABCC0034E787 /* BaseViewController.swift in Sources */ = {isa = PBXBuildFile; fileRef = F470037E29F3ABCC0034E787 /* BaseViewController.swift */; };
		F470038129F3ACCC0034E787 /* BaseView.swift in Sources */ = {isa = PBXBuildFile; fileRef = F470038029F3ACCC0034E787 /* BaseView.swift */; };
		F470038629F3B1C60034E787 /* Carrot.swift in Sources */ = {isa = PBXBuildFile; fileRef = F470038529F3B1C60034E787 /* Carrot.swift */; };
		F470038829F3B2C00034E787 /* CarrotTableViewCell.swift in Sources */ = {isa = PBXBuildFile; fileRef = F470038729F3B2C00034E787 /* CarrotTableViewCell.swift */; };
		F470038A29F3B6DB0034E787 /* UIView + Extension.swift in Sources */ = {isa = PBXBuildFile; fileRef = F470038929F3B6DB0034E787 /* UIView + Extension.swift */; };
		F470038E29F3B8460034E787 /* UIImage + Extension.swift in Sources */ = {isa = PBXBuildFile; fileRef = F470038D29F3B8460034E787 /* UIImage + Extension.swift */; };
		F470039029F3BD600034E787 /* NSObject+.swift in Sources */ = {isa = PBXBuildFile; fileRef = F470038F29F3BD600034E787 /* NSObject+.swift */; };
		F470039329F3C00B0034E787 /* PhotoViewController.swift in Sources */ = {isa = PBXBuildFile; fileRef = F470039229F3C00B0034E787 /* PhotoViewController.swift */; };
		F470039529F3C0470034E787 /* Photo.swift in Sources */ = {isa = PBXBuildFile; fileRef = F470039429F3C0470034E787 /* Photo.swift */; };
		F470039729F3C0FF0034E787 /* PhotoCell.swift in Sources */ = {isa = PBXBuildFile; fileRef = F470039629F3C0FF0034E787 /* PhotoCell.swift */; };
		F49F47AA2A00BE25006379C7 /* CarrotViewController.swift in Sources */ = {isa = PBXBuildFile; fileRef = F49F47A92A00BE25006379C7 /* CarrotViewController.swift */; };
		F49FCF4229F6BBE0001DD6AD /* SheetViewController.swift in Sources */ = {isa = PBXBuildFile; fileRef = F49FCF4129F6BBE0001DD6AD /* SheetViewController.swift */; };
		F4B5F9282A0414D9008DA7B7 /* CashTicketView.swift in Sources */ = {isa = PBXBuildFile; fileRef = F4B5F9272A0414D9008DA7B7 /* CashTicketView.swift */; };
		F4B5F92A2A04944C008DA7B7 /* ADView.swift in Sources */ = {isa = PBXBuildFile; fileRef = F4B5F9292A04944C008DA7B7 /* ADView.swift */; };
		F4B5F92E2A04A823008DA7B7 /* PurchaseViewController.swift in Sources */ = {isa = PBXBuildFile; fileRef = F4B5F92D2A04A823008DA7B7 /* PurchaseViewController.swift */; };
		F4B5F9332A04BA0E008DA7B7 /* SettingTableViewCell.swift in Sources */ = {isa = PBXBuildFile; fileRef = F4B5F9322A04BA0E008DA7B7 /* SettingTableViewCell.swift */; };
		F4B5F93B2A04FFFD008DA7B7 /* StackViewCell.swift in Sources */ = {isa = PBXBuildFile; fileRef = F4B5F93A2A04FFFD008DA7B7 /* StackViewCell.swift */; };
		F4B5F93E2A0508C5008DA7B7 /* DividerView.swift in Sources */ = {isa = PBXBuildFile; fileRef = F4B5F93D2A0508C5008DA7B7 /* DividerView.swift */; };
		F4B5F9402A051491008DA7B7 /* AnotherTableViewCell.swift in Sources */ = {isa = PBXBuildFile; fileRef = F4B5F93F2A051491008DA7B7 /* AnotherTableViewCell.swift */; };
		F4B5F9422A052D83008DA7B7 /* LogOutButtonView.swift in Sources */ = {isa = PBXBuildFile; fileRef = F4B5F9412A052D83008DA7B7 /* LogOutButtonView.swift */; };
		F4BE7DE52A0618EC00688732 /* Alamofire in Frameworks */ = {isa = PBXBuildFile; productRef = F4BE7DE42A0618EC00688732 /* Alamofire */; };
		F4BE7DE72A06240400688732 /* Config.swift in Sources */ = {isa = PBXBuildFile; fileRef = F4BE7DE62A06240400688732 /* Config.swift */; };
		F4BE7DE92A06283200688732 /* NetworkResult<T>.swift in Sources */ = {isa = PBXBuildFile; fileRef = F4BE7DE82A06283200688732 /* NetworkResult<T>.swift */; };
		F4BE7DEB2A06291500688732 /* SignUpService.swift in Sources */ = {isa = PBXBuildFile; fileRef = F4BE7DEA2A06291500688732 /* SignUpService.swift */; };
		F4BE7DED2A062C3800688732 /* NetworkViewController.swift in Sources */ = {isa = PBXBuildFile; fileRef = F4BE7DEC2A062C3800688732 /* NetworkViewController.swift */; };
		F4BE7E272A069A4000688732 /* WeatherViewController.swift in Sources */ = {isa = PBXBuildFile; fileRef = F4BE7E232A069A4000688732 /* WeatherViewController.swift */; };
		F4BE7E282A069A4000688732 /* Config_w.swift in Sources */ = {isa = PBXBuildFile; fileRef = F4BE7E242A069A4000688732 /* Config_w.swift */; };
		F4BE7E292A069A4000688732 /* WeatherService.swift in Sources */ = {isa = PBXBuildFile; fileRef = F4BE7E252A069A4000688732 /* WeatherService.swift */; };
		F4DDC4A82A03FA8600E97D1A /* ProfileView.swift in Sources */ = {isa = PBXBuildFile; fileRef = F4DDC4A72A03FA8600E97D1A /* ProfileView.swift */; };
		F4E1E88F2A0233390040AEF7 /* MainViewController.swift in Sources */ = {isa = PBXBuildFile; fileRef = F4E1E88E2A0233390040AEF7 /* MainViewController.swift */; };
		F4E1E8912A023A0E0040AEF7 /* MyPageViewController.swift in Sources */ = {isa = PBXBuildFile; fileRef = F4E1E8902A023A0E0040AEF7 /* MyPageViewController.swift */; };
		F4F7863329EFB652002E2A61 /* UIButton+.swift in Sources */ = {isa = PBXBuildFile; fileRef = F4F7863229EFB652002E2A61 /* UIButton+.swift */; };
		F4F7863529EFB743002E2A61 /* UITextField+.swift in Sources */ = {isa = PBXBuildFile; fileRef = F4F7863429EFB743002E2A61 /* UITextField+.swift */; };
		F4F7863729F10F94002E2A61 /* String+.swift in Sources */ = {isa = PBXBuildFile; fileRef = F4F7863629F10F94002E2A61 /* String+.swift */; };
		F4F7863929F118E3002E2A61 /* LoginSuccessViewController.swift in Sources */ = {isa = PBXBuildFile; fileRef = F4F7863829F118E3002E2A61 /* LoginSuccessViewController.swift */; };
		F4F7863B29F12B72002E2A61 /* UIImage+.swift in Sources */ = {isa = PBXBuildFile; fileRef = F4F7863A29F12B71002E2A61 /* UIImage+.swift */; };
/* End PBXBuildFile section */

/* Begin PBXFileReference section */
		F4064F7329E1340D006BB626 /* FirstViewController_DelegatePtn.swift */ = {isa = PBXFileReference; lastKnownFileType = sourcecode.swift; path = FirstViewController_DelegatePtn.swift; sourceTree = "<group>"; };
		F4064F7529E134BF006BB626 /* SecondViewController_DelegatePtn.swift */ = {isa = PBXFileReference; lastKnownFileType = sourcecode.swift; path = SecondViewController_DelegatePtn.swift; sourceTree = "<group>"; };
		F4064F7729E13543006BB626 /* DataBindProtocol.swift */ = {isa = PBXFileReference; lastKnownFileType = sourcecode.swift; path = DataBindProtocol.swift; sourceTree = "<group>"; };
		F4064F7C29E13873006BB626 /* FirstViewController_Closure.swift */ = {isa = PBXFileReference; lastKnownFileType = sourcecode.swift; path = FirstViewController_Closure.swift; sourceTree = "<group>"; };
		F4064F7E29E1387D006BB626 /* SecondViewController_Closure.swift */ = {isa = PBXFileReference; lastKnownFileType = sourcecode.swift; path = SecondViewController_Closure.swift; sourceTree = "<group>"; };
		F4064F8B29E1485C006BB626 /* FirstViewController_Ex1.swift */ = {isa = PBXFileReference; lastKnownFileType = sourcecode.swift; path = FirstViewController_Ex1.swift; sourceTree = "<group>"; };
		F4064F8D29E14988006BB626 /* SecondViewController_Ex1.swift */ = {isa = PBXFileReference; lastKnownFileType = sourcecode.swift; path = SecondViewController_Ex1.swift; sourceTree = "<group>"; };
		F4289C5129EE70A60045BEC8 /* LogInViewController.swift */ = {isa = PBXFileReference; lastKnownFileType = sourcecode.swift; path = LogInViewController.swift; sourceTree = "<group>"; };
		F44B4E2B29D7FA29003658CD /* Sopt_Seminar.app */ = {isa = PBXFileReference; explicitFileType = wrapper.application; includeInIndex = 0; path = Sopt_Seminar.app; sourceTree = BUILT_PRODUCTS_DIR; };
		F44B4E2E29D7FA29003658CD /* AppDelegate.swift */ = {isa = PBXFileReference; lastKnownFileType = sourcecode.swift; path = AppDelegate.swift; sourceTree = "<group>"; };
		F44B4E3029D7FA29003658CD /* SceneDelegate.swift */ = {isa = PBXFileReference; lastKnownFileType = sourcecode.swift; path = SceneDelegate.swift; sourceTree = "<group>"; };
		F44B4E3229D7FA29003658CD /* ViewController.swift */ = {isa = PBXFileReference; lastKnownFileType = sourcecode.swift; path = ViewController.swift; sourceTree = "<group>"; };
		F44B4E3729D7FA2A003658CD /* Assets.xcassets */ = {isa = PBXFileReference; lastKnownFileType = folder.assetcatalog; path = Assets.xcassets; sourceTree = "<group>"; };
		F44B4E3A29D7FA2A003658CD /* Base */ = {isa = PBXFileReference; lastKnownFileType = file.storyboard; name = Base; path = Base.lproj/LaunchScreen.storyboard; sourceTree = "<group>"; };
		F44B4E3C29D7FA2A003658CD /* Info.plist */ = {isa = PBXFileReference; lastKnownFileType = text.plist.xml; path = Info.plist; sourceTree = "<group>"; };
		F44B4E4229D806BC003658CD /* PracticeViewController.swift */ = {isa = PBXFileReference; lastKnownFileType = sourcecode.swift; path = PracticeViewController.swift; sourceTree = "<group>"; };
		F44B4E4429D80FC6003658CD /* PracticeViewController2.swift */ = {isa = PBXFileReference; lastKnownFileType = sourcecode.swift; path = PracticeViewController2.swift; sourceTree = "<group>"; };
		F470034D29F26AF80034E787 /* NicknameViewController.swift */ = {isa = PBXFileReference; lastKnownFileType = sourcecode.swift; path = NicknameViewController.swift; sourceTree = "<group>"; };
		F470037A29F3A7AC0034E787 /* CommonView.swift */ = {isa = PBXFileReference; lastKnownFileType = sourcecode.swift; path = CommonView.swift; sourceTree = "<group>"; };
		F470037C29F3A8EF0034E787 /* SecondViewController.swift */ = {isa = PBXFileReference; lastKnownFileType = sourcecode.swift; path = SecondViewController.swift; sourceTree = "<group>"; };
		F470037E29F3ABCC0034E787 /* BaseViewController.swift */ = {isa = PBXFileReference; lastKnownFileType = sourcecode.swift; path = BaseViewController.swift; sourceTree = "<group>"; };
		F470038029F3ACCC0034E787 /* BaseView.swift */ = {isa = PBXFileReference; lastKnownFileType = sourcecode.swift; path = BaseView.swift; sourceTree = "<group>"; };
		F470038529F3B1C60034E787 /* Carrot.swift */ = {isa = PBXFileReference; lastKnownFileType = sourcecode.swift; path = Carrot.swift; sourceTree = "<group>"; };
		F470038729F3B2C00034E787 /* CarrotTableViewCell.swift */ = {isa = PBXFileReference; lastKnownFileType = sourcecode.swift; path = CarrotTableViewCell.swift; sourceTree = "<group>"; };
		F470038929F3B6DB0034E787 /* UIView + Extension.swift */ = {isa = PBXFileReference; lastKnownFileType = sourcecode.swift; path = "UIView + Extension.swift"; sourceTree = "<group>"; };
		F470038D29F3B8460034E787 /* UIImage + Extension.swift */ = {isa = PBXFileReference; lastKnownFileType = sourcecode.swift; path = "UIImage + Extension.swift"; sourceTree = "<group>"; };
		F470038F29F3BD600034E787 /* NSObject+.swift */ = {isa = PBXFileReference; lastKnownFileType = sourcecode.swift; path = "NSObject+.swift"; sourceTree = "<group>"; };
		F470039229F3C00B0034E787 /* PhotoViewController.swift */ = {isa = PBXFileReference; lastKnownFileType = sourcecode.swift; path = PhotoViewController.swift; sourceTree = "<group>"; };
		F470039429F3C0470034E787 /* Photo.swift */ = {isa = PBXFileReference; lastKnownFileType = sourcecode.swift; path = Photo.swift; sourceTree = "<group>"; };
		F470039629F3C0FF0034E787 /* PhotoCell.swift */ = {isa = PBXFileReference; lastKnownFileType = sourcecode.swift; path = PhotoCell.swift; sourceTree = "<group>"; };
		F49F47A92A00BE25006379C7 /* CarrotViewController.swift */ = {isa = PBXFileReference; lastKnownFileType = sourcecode.swift; path = CarrotViewController.swift; sourceTree = "<group>"; };
		F49FCF4129F6BBE0001DD6AD /* SheetViewController.swift */ = {isa = PBXFileReference; lastKnownFileType = sourcecode.swift; path = SheetViewController.swift; sourceTree = "<group>"; };
		F4B5F9272A0414D9008DA7B7 /* CashTicketView.swift */ = {isa = PBXFileReference; lastKnownFileType = sourcecode.swift; path = CashTicketView.swift; sourceTree = "<group>"; };
		F4B5F9292A04944C008DA7B7 /* ADView.swift */ = {isa = PBXFileReference; lastKnownFileType = sourcecode.swift; path = ADView.swift; sourceTree = "<group>"; };
		F4B5F92D2A04A823008DA7B7 /* PurchaseViewController.swift */ = {isa = PBXFileReference; lastKnownFileType = sourcecode.swift; path = PurchaseViewController.swift; sourceTree = "<group>"; };
		F4B5F9322A04BA0E008DA7B7 /* SettingTableViewCell.swift */ = {isa = PBXFileReference; lastKnownFileType = sourcecode.swift; path = SettingTableViewCell.swift; sourceTree = "<group>"; };
		F4B5F93A2A04FFFD008DA7B7 /* StackViewCell.swift */ = {isa = PBXFileReference; lastKnownFileType = sourcecode.swift; path = StackViewCell.swift; sourceTree = "<group>"; };
		F4B5F93D2A0508C5008DA7B7 /* DividerView.swift */ = {isa = PBXFileReference; lastKnownFileType = sourcecode.swift; path = DividerView.swift; sourceTree = "<group>"; };
		F4B5F93F2A051491008DA7B7 /* AnotherTableViewCell.swift */ = {isa = PBXFileReference; lastKnownFileType = sourcecode.swift; path = AnotherTableViewCell.swift; sourceTree = "<group>"; };
		F4B5F9412A052D83008DA7B7 /* LogOutButtonView.swift */ = {isa = PBXFileReference; lastKnownFileType = sourcecode.swift; path = LogOutButtonView.swift; sourceTree = "<group>"; };
		F4BE7DE62A06240400688732 /* Config.swift */ = {isa = PBXFileReference; lastKnownFileType = sourcecode.swift; path = Config.swift; sourceTree = "<group>"; };
		F4BE7DE82A06283200688732 /* NetworkResult<T>.swift */ = {isa = PBXFileReference; lastKnownFileType = sourcecode.swift; path = "NetworkResult<T>.swift"; sourceTree = "<group>"; };
		F4BE7DEA2A06291500688732 /* SignUpService.swift */ = {isa = PBXFileReference; lastKnownFileType = sourcecode.swift; path = SignUpService.swift; sourceTree = "<group>"; };
		F4BE7DEC2A062C3800688732 /* NetworkViewController.swift */ = {isa = PBXFileReference; lastKnownFileType = sourcecode.swift; path = NetworkViewController.swift; sourceTree = "<group>"; };
		F4BE7E232A069A4000688732 /* WeatherViewController.swift */ = {isa = PBXFileReference; fileEncoding = 4; lastKnownFileType = sourcecode.swift; path = WeatherViewController.swift; sourceTree = "<group>"; };
		F4BE7E242A069A4000688732 /* Config_w.swift */ = {isa = PBXFileReference; fileEncoding = 4; lastKnownFileType = sourcecode.swift; path = Config_w.swift; sourceTree = "<group>"; };
		F4BE7E252A069A4000688732 /* WeatherService.swift */ = {isa = PBXFileReference; fileEncoding = 4; lastKnownFileType = sourcecode.swift; path = WeatherService.swift; sourceTree = "<group>"; };
		F4DDC4A72A03FA8600E97D1A /* ProfileView.swift */ = {isa = PBXFileReference; lastKnownFileType = sourcecode.swift; path = ProfileView.swift; sourceTree = "<group>"; };
		F4E1E88E2A0233390040AEF7 /* MainViewController.swift */ = {isa = PBXFileReference; lastKnownFileType = sourcecode.swift; path = MainViewController.swift; sourceTree = "<group>"; };
		F4E1E8902A023A0E0040AEF7 /* MyPageViewController.swift */ = {isa = PBXFileReference; lastKnownFileType = sourcecode.swift; path = MyPageViewController.swift; sourceTree = "<group>"; };
		F4F7863229EFB652002E2A61 /* UIButton+.swift */ = {isa = PBXFileReference; lastKnownFileType = sourcecode.swift; path = "UIButton+.swift"; sourceTree = "<group>"; };
		F4F7863429EFB743002E2A61 /* UITextField+.swift */ = {isa = PBXFileReference; lastKnownFileType = sourcecode.swift; path = "UITextField+.swift"; sourceTree = "<group>"; };
		F4F7863629F10F94002E2A61 /* String+.swift */ = {isa = PBXFileReference; lastKnownFileType = sourcecode.swift; path = "String+.swift"; sourceTree = "<group>"; };
		F4F7863829F118E3002E2A61 /* LoginSuccessViewController.swift */ = {isa = PBXFileReference; lastKnownFileType = sourcecode.swift; path = LoginSuccessViewController.swift; sourceTree = "<group>"; };
		F4F7863A29F12B71002E2A61 /* UIImage+.swift */ = {isa = PBXFileReference; lastKnownFileType = sourcecode.swift; path = "UIImage+.swift"; sourceTree = "<group>"; };
/* End PBXFileReference section */

/* Begin PBXFrameworksBuildPhase section */
		F44B4E2829D7FA29003658CD /* Frameworks */ = {
			isa = PBXFrameworksBuildPhase;
			buildActionMask = 2147483647;
			files = (
				F4064F8229E13E47006BB626 /* SnapKit in Frameworks */,
				F4BE7DE52A0618EC00688732 /* Alamofire in Frameworks */,
				F4064F8529E141DC006BB626 /* Then in Frameworks */,
				F4064F8829E14277006BB626 /* Inject in Frameworks */,
			);
			runOnlyForDeploymentPostprocessing = 0;
		};
/* End PBXFrameworksBuildPhase section */

/* Begin PBXGroup section */
		F4064F7129E133DB006BB626 /* Week1 */ = {
			isa = PBXGroup;
			children = (
				F44B4E3229D7FA29003658CD /* ViewController.swift */,
				F44B4E4229D806BC003658CD /* PracticeViewController.swift */,
				F44B4E4429D80FC6003658CD /* PracticeViewController2.swift */,
			);
			path = Week1;
			sourceTree = "<group>";
		};
		F4064F7229E133E3006BB626 /* Week2 */ = {
			isa = PBXGroup;
			children = (
				F4064F8929E1482E006BB626 /* Example */,
				F4064F7B29E13854006BB626 /* Closure */,
				F4064F7929E13748006BB626 /* DelegatePattern */,
			);
			path = Week2;
			sourceTree = "<group>";
		};
		F4064F7929E13748006BB626 /* DelegatePattern */ = {
			isa = PBXGroup;
			children = (
				F4064F7329E1340D006BB626 /* FirstViewController_DelegatePtn.swift */,
				F4064F7529E134BF006BB626 /* SecondViewController_DelegatePtn.swift */,
				F4064F7729E13543006BB626 /* DataBindProtocol.swift */,
			);
			path = DelegatePattern;
			sourceTree = "<group>";
		};
		F4064F7B29E13854006BB626 /* Closure */ = {
			isa = PBXGroup;
			children = (
				F4064F7C29E13873006BB626 /* FirstViewController_Closure.swift */,
				F4064F7E29E1387D006BB626 /* SecondViewController_Closure.swift */,
			);
			path = Closure;
			sourceTree = "<group>";
		};
		F4064F8929E1482E006BB626 /* Example */ = {
			isa = PBXGroup;
			children = (
				F4064F8A29E14844006BB626 /* Example_1 */,
			);
			path = Example;
			sourceTree = "<group>";
		};
		F4064F8A29E14844006BB626 /* Example_1 */ = {
			isa = PBXGroup;
			children = (
				F4064F8B29E1485C006BB626 /* FirstViewController_Ex1.swift */,
				F4064F8D29E14988006BB626 /* SecondViewController_Ex1.swift */,
			);
			path = Example_1;
			sourceTree = "<group>";
		};
		F4289C5029EE639F0045BEC8 /* Assignment */ = {
			isa = PBXGroup;
			children = (
				F4E1E88E2A0233390040AEF7 /* MainViewController.swift */,
				F4DDC4A42A03D1CC00E97D1A /* MyPage */,
				F4DDC4A32A03D1B900E97D1A /* Login */,
				F4F7863129EFB641002E2A61 /* Extensions */,
				F49FCF4529F6CE22001DD6AD /* SheetView */,
			);
			path = Assignment;
			sourceTree = "<group>";
		};
		F44B4E2229D7FA29003658CD = {
			isa = PBXGroup;
			children = (
				F44B4E2D29D7FA29003658CD /* Sopt_Seminar */,
				F44B4E2C29D7FA29003658CD /* Products */,
			);
			sourceTree = "<group>";
		};
		F44B4E2C29D7FA29003658CD /* Products */ = {
			isa = PBXGroup;
			children = (
				F44B4E2B29D7FA29003658CD /* Sopt_Seminar.app */,
			);
			name = Products;
			sourceTree = "<group>";
		};
		F44B4E2D29D7FA29003658CD /* Sopt_Seminar */ = {
			isa = PBXGroup;
			children = (
				F44B4E2E29D7FA29003658CD /* AppDelegate.swift */,
				F44B4E3029D7FA29003658CD /* SceneDelegate.swift */,
				F4064F7129E133DB006BB626 /* Week1 */,
				F4064F7229E133E3006BB626 /* Week2 */,
				F470037929F3A4EA0034E787 /* Week3 */,
				F4BE7DE22A0618A900688732 /* Week4 */,
				F44B4E3929D7FA2A003658CD /* LaunchScreen.storyboard */,
				F44B4E3729D7FA2A003658CD /* Assets.xcassets */,
				F44B4E3C29D7FA2A003658CD /* Info.plist */,
			);
			path = Sopt_Seminar;
			sourceTree = "<group>";
		};
		F470037929F3A4EA0034E787 /* Week3 */ = {
			isa = PBXGroup;
			children = (
				F4289C5029EE639F0045BEC8 /* Assignment */,
				F470039129F3BF9F0034E787 /* CollectionView */,
				F470038229F3B1700034E787 /* TableView */,
				F470037A29F3A7AC0034E787 /* CommonView.swift */,
				F470037C29F3A8EF0034E787 /* SecondViewController.swift */,
				F470037E29F3ABCC0034E787 /* BaseViewController.swift */,
				F470038029F3ACCC0034E787 /* BaseView.swift */,
			);
			path = Week3;
			sourceTree = "<group>";
		};
		F470038229F3B1700034E787 /* TableView */ = {
			isa = PBXGroup;
			children = (
				F470038529F3B1C60034E787 /* Carrot.swift */,
				F470038729F3B2C00034E787 /* CarrotTableViewCell.swift */,
				F470038929F3B6DB0034E787 /* UIView + Extension.swift */,
				F470038D29F3B8460034E787 /* UIImage + Extension.swift */,
				F470038F29F3BD600034E787 /* NSObject+.swift */,
				F49F47A92A00BE25006379C7 /* CarrotViewController.swift */,
			);
			path = TableView;
			sourceTree = "<group>";
		};
		F470039129F3BF9F0034E787 /* CollectionView */ = {
			isa = PBXGroup;
			children = (
				F470039229F3C00B0034E787 /* PhotoViewController.swift */,
				F470039429F3C0470034E787 /* Photo.swift */,
				F470039629F3C0FF0034E787 /* PhotoCell.swift */,
			);
			path = CollectionView;
			sourceTree = "<group>";
		};
		F49FCF4529F6CE22001DD6AD /* SheetView */ = {
			isa = PBXGroup;
			children = (
				F470034D29F26AF80034E787 /* NicknameViewController.swift */,
				F49FCF4129F6BBE0001DD6AD /* SheetViewController.swift */,
			);
			path = SheetView;
			sourceTree = "<group>";
		};
		F4B5F9312A04AB5A008DA7B7 /* SubViews */ = {
			isa = PBXGroup;
			children = (
				F4B5F93A2A04FFFD008DA7B7 /* StackViewCell.swift */,
				F4DDC4A72A03FA8600E97D1A /* ProfileView.swift */,
				F4B5F9272A0414D9008DA7B7 /* CashTicketView.swift */,
				F4B5F9292A04944C008DA7B7 /* ADView.swift */,
				F4B5F9322A04BA0E008DA7B7 /* SettingTableViewCell.swift */,
				F4B5F93D2A0508C5008DA7B7 /* DividerView.swift */,
				F4B5F93F2A051491008DA7B7 /* AnotherTableViewCell.swift */,
				F4B5F9412A052D83008DA7B7 /* LogOutButtonView.swift */,
			);
			path = SubViews;
			sourceTree = "<group>";
		};
		F4BE7DE22A0618A900688732 /* Week4 */ = {
			isa = PBXGroup;
			children = (
				F4BE7DE82A06283200688732 /* NetworkResult<T>.swift */,
				F4BE7E222A06947C00688732 /* WeatherNetwork */,
				F4BE7E202A06917000688732 /* SignInNetwork */,
			);
			path = Week4;
			sourceTree = "<group>";
		};
		F4BE7E202A06917000688732 /* SignInNetwork */ = {
			isa = PBXGroup;
			children = (
				F4BE7DE62A06240400688732 /* Config.swift */,
				F4BE7DEA2A06291500688732 /* SignUpService.swift */,
				F4BE7DEC2A062C3800688732 /* NetworkViewController.swift */,
			);
			path = SignInNetwork;
			sourceTree = "<group>";
		};
		F4BE7E222A06947C00688732 /* WeatherNetwork */ = {
			isa = PBXGroup;
			children = (
				F4BE7E242A069A4000688732 /* Config_w.swift */,
				F4BE7E232A069A4000688732 /* WeatherViewController.swift */,
				F4BE7E252A069A4000688732 /* WeatherService.swift */,
			);
			path = WeatherNetwork;
			sourceTree = "<group>";
		};
		F4DDC4A32A03D1B900E97D1A /* Login */ = {
			isa = PBXGroup;
			children = (
				F4289C5129EE70A60045BEC8 /* LogInViewController.swift */,
				F4F7863829F118E3002E2A61 /* LoginSuccessViewController.swift */,
			);
			path = Login;
			sourceTree = "<group>";
		};
		F4DDC4A42A03D1CC00E97D1A /* MyPage */ = {
			isa = PBXGroup;
			children = (
				F4B5F9312A04AB5A008DA7B7 /* SubViews */,
				F4E1E8902A023A0E0040AEF7 /* MyPageViewController.swift */,
				F4B5F92D2A04A823008DA7B7 /* PurchaseViewController.swift */,
			);
			path = MyPage;
			sourceTree = "<group>";
		};
		F4F7863129EFB641002E2A61 /* Extensions */ = {
			isa = PBXGroup;
			children = (
				F4F7863229EFB652002E2A61 /* UIButton+.swift */,
				F4F7863429EFB743002E2A61 /* UITextField+.swift */,
				F4F7863629F10F94002E2A61 /* String+.swift */,
				F4F7863A29F12B71002E2A61 /* UIImage+.swift */,
			);
			path = Extensions;
			sourceTree = "<group>";
		};
/* End PBXGroup section */

/* Begin PBXNativeTarget section */
		F44B4E2A29D7FA29003658CD /* Sopt_Seminar */ = {
			isa = PBXNativeTarget;
			buildConfigurationList = F44B4E3F29D7FA2A003658CD /* Build configuration list for PBXNativeTarget "Sopt_Seminar" */;
			buildPhases = (
				F44B4E2729D7FA29003658CD /* Sources */,
				F44B4E2829D7FA29003658CD /* Frameworks */,
				F44B4E2929D7FA29003658CD /* Resources */,
			);
			buildRules = (
			);
			dependencies = (
			);
			name = Sopt_Seminar;
			packageProductDependencies = (
				F4064F8129E13E47006BB626 /* SnapKit */,
				F4064F8429E141DC006BB626 /* Then */,
				F4064F8729E14277006BB626 /* Inject */,
				F4BE7DE42A0618EC00688732 /* Alamofire */,
			);
			productName = Sopt_Seminar;
			productReference = F44B4E2B29D7FA29003658CD /* Sopt_Seminar.app */;
			productType = "com.apple.product-type.application";
		};
/* End PBXNativeTarget section */

/* Begin PBXProject section */
		F44B4E2329D7FA29003658CD /* Project object */ = {
			isa = PBXProject;
			attributes = {
				BuildIndependentTargetsInParallel = 1;
				LastSwiftUpdateCheck = 1420;
				LastUpgradeCheck = 1420;
				TargetAttributes = {
					F44B4E2A29D7FA29003658CD = {
						CreatedOnToolsVersion = 14.2;
					};
				};
			};
			buildConfigurationList = F44B4E2629D7FA29003658CD /* Build configuration list for PBXProject "Sopt_Seminar" */;
			compatibilityVersion = "Xcode 14.0";
			developmentRegion = en;
			hasScannedForEncodings = 0;
			knownRegions = (
				en,
				Base,
			);
			mainGroup = F44B4E2229D7FA29003658CD;
			packageReferences = (
				F4064F8029E13E47006BB626 /* XCRemoteSwiftPackageReference "SnapKit" */,
				F4064F8329E141DC006BB626 /* XCRemoteSwiftPackageReference "Then" */,
				F4064F8629E14277006BB626 /* XCRemoteSwiftPackageReference "Inject" */,
				F4BE7DE32A0618EC00688732 /* XCRemoteSwiftPackageReference "Alamofire" */,
			);
			productRefGroup = F44B4E2C29D7FA29003658CD /* Products */;
			projectDirPath = "";
			projectRoot = "";
			targets = (
				F44B4E2A29D7FA29003658CD /* Sopt_Seminar */,
			);
		};
/* End PBXProject section */

/* Begin PBXResourcesBuildPhase section */
		F44B4E2929D7FA29003658CD /* Resources */ = {
			isa = PBXResourcesBuildPhase;
			buildActionMask = 2147483647;
			files = (
				F44B4E3B29D7FA2A003658CD /* LaunchScreen.storyboard in Resources */,
				F44B4E3829D7FA2A003658CD /* Assets.xcassets in Resources */,
			);
			runOnlyForDeploymentPostprocessing = 0;
		};
/* End PBXResourcesBuildPhase section */

/* Begin PBXSourcesBuildPhase section */
		F44B4E2729D7FA29003658CD /* Sources */ = {
			isa = PBXSourcesBuildPhase;
			buildActionMask = 2147483647;
			files = (
				F44B4E3329D7FA29003658CD /* ViewController.swift in Sources */,
				F4F7863329EFB652002E2A61 /* UIButton+.swift in Sources */,
				F4BE7DE72A06240400688732 /* Config.swift in Sources */,
				F4289C5229EE70A60045BEC8 /* LogInViewController.swift in Sources */,
				F4BE7E272A069A4000688732 /* WeatherViewController.swift in Sources */,
				F4064F8E29E14988006BB626 /* SecondViewController_Ex1.swift in Sources */,
				F4064F7629E134BF006BB626 /* SecondViewController_DelegatePtn.swift in Sources */,
				F4064F7F29E1387D006BB626 /* SecondViewController_Closure.swift in Sources */,
				F4DDC4A82A03FA8600E97D1A /* ProfileView.swift in Sources */,
				F470034E29F26AF80034E787 /* NicknameViewController.swift in Sources */,
				F4B5F9282A0414D9008DA7B7 /* CashTicketView.swift in Sources */,
				F4E1E88F2A0233390040AEF7 /* MainViewController.swift in Sources */,
				F470037B29F3A7AC0034E787 /* CommonView.swift in Sources */,
				F4F7863529EFB743002E2A61 /* UITextField+.swift in Sources */,
				F4064F7829E13543006BB626 /* DataBindProtocol.swift in Sources */,
				F4064F7D29E13873006BB626 /* FirstViewController_Closure.swift in Sources */,
				F49F47AA2A00BE25006379C7 /* CarrotViewController.swift in Sources */,
				F4BE7DEB2A06291500688732 /* SignUpService.swift in Sources */,
				F4064F7429E1340D006BB626 /* FirstViewController_DelegatePtn.swift in Sources */,
				F4F7863729F10F94002E2A61 /* String+.swift in Sources */,
				F470037F29F3ABCC0034E787 /* BaseViewController.swift in Sources */,
				F44B4E2F29D7FA29003658CD /* AppDelegate.swift in Sources */,
				F4BE7DE92A06283200688732 /* NetworkResult<T>.swift in Sources */,
				F470038A29F3B6DB0034E787 /* UIView + Extension.swift in Sources */,
				F44B4E4529D80FC6003658CD /* PracticeViewController2.swift in Sources */,
				F4B5F92A2A04944C008DA7B7 /* ADView.swift in Sources */,
				F470039529F3C0470034E787 /* Photo.swift in Sources */,
				F44B4E4329D806BC003658CD /* PracticeViewController.swift in Sources */,
				F4B5F9332A04BA0E008DA7B7 /* SettingTableViewCell.swift in Sources */,
				F44B4E3129D7FA29003658CD /* SceneDelegate.swift in Sources */,
				F470039729F3C0FF0034E787 /* PhotoCell.swift in Sources */,
				F4BE7E292A069A4000688732 /* WeatherService.swift in Sources */,
				F4F7863B29F12B72002E2A61 /* UIImage+.swift in Sources */,
				F4BE7DED2A062C3800688732 /* NetworkViewController.swift in Sources */,
				F470038129F3ACCC0034E787 /* BaseView.swift in Sources */,
				F470038E29F3B8460034E787 /* UIImage + Extension.swift in Sources */,
				F49FCF4229F6BBE0001DD6AD /* SheetViewController.swift in Sources */,
				F470039029F3BD600034E787 /* NSObject+.swift in Sources */,
				F4BE7E282A069A4000688732 /* Config_w.swift in Sources */,
				F4B5F93E2A0508C5008DA7B7 /* DividerView.swift in Sources */,
				F470038829F3B2C00034E787 /* CarrotTableViewCell.swift in Sources */,
				F470037D29F3A8EF0034E787 /* SecondViewController.swift in Sources */,
				F4E1E8912A023A0E0040AEF7 /* MyPageViewController.swift in Sources */,
				F4064F8C29E1485C006BB626 /* FirstViewController_Ex1.swift in Sources */,
				F4B5F93B2A04FFFD008DA7B7 /* StackViewCell.swift in Sources */,
				F4B5F92E2A04A823008DA7B7 /* PurchaseViewController.swift in Sources */,
				F4F7863929F118E3002E2A61 /* LoginSuccessViewController.swift in Sources */,
				F4B5F9402A051491008DA7B7 /* AnotherTableViewCell.swift in Sources */,
				F4B5F9422A052D83008DA7B7 /* LogOutButtonView.swift in Sources */,
				F470038629F3B1C60034E787 /* Carrot.swift in Sources */,
				F470039329F3C00B0034E787 /* PhotoViewController.swift in Sources */,
			);
			runOnlyForDeploymentPostprocessing = 0;
		};
/* End PBXSourcesBuildPhase section */

/* Begin PBXVariantGroup section */
		F44B4E3929D7FA2A003658CD /* LaunchScreen.storyboard */ = {
			isa = PBXVariantGroup;
			children = (
				F44B4E3A29D7FA2A003658CD /* Base */,
			);
			name = LaunchScreen.storyboard;
			sourceTree = "<group>";
		};
/* End PBXVariantGroup section */

/* Begin XCBuildConfiguration section */
		F44B4E3D29D7FA2A003658CD /* Debug */ = {
			isa = XCBuildConfiguration;
			buildSettings = {
				ALWAYS_SEARCH_USER_PATHS = NO;
				CLANG_ANALYZER_NONNULL = YES;
				CLANG_ANALYZER_NUMBER_OBJECT_CONVERSION = YES_AGGRESSIVE;
				CLANG_CXX_LANGUAGE_STANDARD = "gnu++20";
				CLANG_ENABLE_MODULES = YES;
				CLANG_ENABLE_OBJC_ARC = YES;
				CLANG_ENABLE_OBJC_WEAK = YES;
				CLANG_WARN_BLOCK_CAPTURE_AUTORELEASING = YES;
				CLANG_WARN_BOOL_CONVERSION = YES;
				CLANG_WARN_COMMA = YES;
				CLANG_WARN_CONSTANT_CONVERSION = YES;
				CLANG_WARN_DEPRECATED_OBJC_IMPLEMENTATIONS = YES;
				CLANG_WARN_DIRECT_OBJC_ISA_USAGE = YES_ERROR;
				CLANG_WARN_DOCUMENTATION_COMMENTS = YES;
				CLANG_WARN_EMPTY_BODY = YES;
				CLANG_WARN_ENUM_CONVERSION = YES;
				CLANG_WARN_INFINITE_RECURSION = YES;
				CLANG_WARN_INT_CONVERSION = YES;
				CLANG_WARN_NON_LITERAL_NULL_CONVERSION = YES;
				CLANG_WARN_OBJC_IMPLICIT_RETAIN_SELF = YES;
				CLANG_WARN_OBJC_LITERAL_CONVERSION = YES;
				CLANG_WARN_OBJC_ROOT_CLASS = YES_ERROR;
				CLANG_WARN_QUOTED_INCLUDE_IN_FRAMEWORK_HEADER = YES;
				CLANG_WARN_RANGE_LOOP_ANALYSIS = YES;
				CLANG_WARN_STRICT_PROTOTYPES = YES;
				CLANG_WARN_SUSPICIOUS_MOVE = YES;
				CLANG_WARN_UNGUARDED_AVAILABILITY = YES_AGGRESSIVE;
				CLANG_WARN_UNREACHABLE_CODE = YES;
				CLANG_WARN__DUPLICATE_METHOD_MATCH = YES;
				COPY_PHASE_STRIP = NO;
				DEBUG_INFORMATION_FORMAT = dwarf;
				ENABLE_STRICT_OBJC_MSGSEND = YES;
				ENABLE_TESTABILITY = YES;
				GCC_C_LANGUAGE_STANDARD = gnu11;
				GCC_DYNAMIC_NO_PIC = NO;
				GCC_NO_COMMON_BLOCKS = YES;
				GCC_OPTIMIZATION_LEVEL = 0;
				GCC_PREPROCESSOR_DEFINITIONS = (
					"DEBUG=1",
					"$(inherited)",
				);
				GCC_WARN_64_TO_32_BIT_CONVERSION = YES;
				GCC_WARN_ABOUT_RETURN_TYPE = YES_ERROR;
				GCC_WARN_UNDECLARED_SELECTOR = YES;
				GCC_WARN_UNINITIALIZED_AUTOS = YES_AGGRESSIVE;
				GCC_WARN_UNUSED_FUNCTION = YES;
				GCC_WARN_UNUSED_VARIABLE = YES;
				IPHONEOS_DEPLOYMENT_TARGET = 16.2;
				MTL_ENABLE_DEBUG_INFO = INCLUDE_SOURCE;
				MTL_FAST_MATH = YES;
				ONLY_ACTIVE_ARCH = YES;
				SDKROOT = iphoneos;
				SWIFT_ACTIVE_COMPILATION_CONDITIONS = DEBUG;
				SWIFT_OPTIMIZATION_LEVEL = "-Onone";
			};
			name = Debug;
		};
		F44B4E3E29D7FA2A003658CD /* Release */ = {
			isa = XCBuildConfiguration;
			buildSettings = {
				ALWAYS_SEARCH_USER_PATHS = NO;
				CLANG_ANALYZER_NONNULL = YES;
				CLANG_ANALYZER_NUMBER_OBJECT_CONVERSION = YES_AGGRESSIVE;
				CLANG_CXX_LANGUAGE_STANDARD = "gnu++20";
				CLANG_ENABLE_MODULES = YES;
				CLANG_ENABLE_OBJC_ARC = YES;
				CLANG_ENABLE_OBJC_WEAK = YES;
				CLANG_WARN_BLOCK_CAPTURE_AUTORELEASING = YES;
				CLANG_WARN_BOOL_CONVERSION = YES;
				CLANG_WARN_COMMA = YES;
				CLANG_WARN_CONSTANT_CONVERSION = YES;
				CLANG_WARN_DEPRECATED_OBJC_IMPLEMENTATIONS = YES;
				CLANG_WARN_DIRECT_OBJC_ISA_USAGE = YES_ERROR;
				CLANG_WARN_DOCUMENTATION_COMMENTS = YES;
				CLANG_WARN_EMPTY_BODY = YES;
				CLANG_WARN_ENUM_CONVERSION = YES;
				CLANG_WARN_INFINITE_RECURSION = YES;
				CLANG_WARN_INT_CONVERSION = YES;
				CLANG_WARN_NON_LITERAL_NULL_CONVERSION = YES;
				CLANG_WARN_OBJC_IMPLICIT_RETAIN_SELF = YES;
				CLANG_WARN_OBJC_LITERAL_CONVERSION = YES;
				CLANG_WARN_OBJC_ROOT_CLASS = YES_ERROR;
				CLANG_WARN_QUOTED_INCLUDE_IN_FRAMEWORK_HEADER = YES;
				CLANG_WARN_RANGE_LOOP_ANALYSIS = YES;
				CLANG_WARN_STRICT_PROTOTYPES = YES;
				CLANG_WARN_SUSPICIOUS_MOVE = YES;
				CLANG_WARN_UNGUARDED_AVAILABILITY = YES_AGGRESSIVE;
				CLANG_WARN_UNREACHABLE_CODE = YES;
				CLANG_WARN__DUPLICATE_METHOD_MATCH = YES;
				COPY_PHASE_STRIP = NO;
				DEBUG_INFORMATION_FORMAT = "dwarf-with-dsym";
				ENABLE_NS_ASSERTIONS = NO;
				ENABLE_STRICT_OBJC_MSGSEND = YES;
				GCC_C_LANGUAGE_STANDARD = gnu11;
				GCC_NO_COMMON_BLOCKS = YES;
				GCC_WARN_64_TO_32_BIT_CONVERSION = YES;
				GCC_WARN_ABOUT_RETURN_TYPE = YES_ERROR;
				GCC_WARN_UNDECLARED_SELECTOR = YES;
				GCC_WARN_UNINITIALIZED_AUTOS = YES_AGGRESSIVE;
				GCC_WARN_UNUSED_FUNCTION = YES;
				GCC_WARN_UNUSED_VARIABLE = YES;
				IPHONEOS_DEPLOYMENT_TARGET = 16.2;
				MTL_ENABLE_DEBUG_INFO = NO;
				MTL_FAST_MATH = YES;
				SDKROOT = iphoneos;
				SWIFT_COMPILATION_MODE = wholemodule;
				SWIFT_OPTIMIZATION_LEVEL = "-O";
				VALIDATE_PRODUCT = YES;
			};
			name = Release;
		};
		F44B4E4029D7FA2A003658CD /* Debug */ = {
			isa = XCBuildConfiguration;
			buildSettings = {
				API_Key = 0d268b100aab2067be1aeebe6b626058;
				ASSETCATALOG_COMPILER_APPICON_NAME = AppIcon;
				ASSETCATALOG_COMPILER_GLOBAL_ACCENT_COLOR_NAME = AccentColor;
				BASE_URL = "http://54.180.123.11";
				CODE_SIGN_STYLE = Automatic;
				CURRENT_PROJECT_VERSION = 1;
				DEVELOPMENT_TEAM = 66PR7H87SL;
				GENERATE_INFOPLIST_FILE = YES;
				INFOPLIST_FILE = Sopt_Seminar/Info.plist;
				INFOPLIST_KEY_UIApplicationSupportsIndirectInputEvents = YES;
				INFOPLIST_KEY_UILaunchStoryboardName = "";
				INFOPLIST_KEY_UISupportedInterfaceOrientations_iPad = "UIInterfaceOrientationPortrait UIInterfaceOrientationPortraitUpsideDown UIInterfaceOrientationLandscapeLeft UIInterfaceOrientationLandscapeRight";
				INFOPLIST_KEY_UISupportedInterfaceOrientations_iPhone = "UIInterfaceOrientationPortrait UIInterfaceOrientationLandscapeLeft UIInterfaceOrientationLandscapeRight";
				LD_RUNPATH_SEARCH_PATHS = (
					"$(inherited)",
					"@executable_path/Frameworks",
				);
				MARKETING_VERSION = 1.0;
				OTHER_LDFLAGS = "-Xlinker-interposable";
				PRODUCT_BUNDLE_IDENTIFIER = "sopt.seminar.Sopt-Seminar";
				PRODUCT_NAME = "$(TARGET_NAME)";
				SWIFT_EMIT_LOC_STRINGS = YES;
				SWIFT_VERSION = 5.0;
				TARGETED_DEVICE_FAMILY = "1,2";
				Weather_URL = "https://api.openweathermap.org/data/2.5/weather?";
			};
			name = Debug;
		};
		F44B4E4129D7FA2A003658CD /* Release */ = {
			isa = XCBuildConfiguration;
			buildSettings = {
				API_Key = 0d268b100aab2067be1aeebe6b626058;
				ASSETCATALOG_COMPILER_APPICON_NAME = AppIcon;
				ASSETCATALOG_COMPILER_GLOBAL_ACCENT_COLOR_NAME = AccentColor;
				BASE_URL = "http://54.180.123.11";
				CODE_SIGN_STYLE = Automatic;
				CURRENT_PROJECT_VERSION = 1;
				DEVELOPMENT_TEAM = 66PR7H87SL;
				GENERATE_INFOPLIST_FILE = YES;
				INFOPLIST_FILE = Sopt_Seminar/Info.plist;
				INFOPLIST_KEY_UIApplicationSupportsIndirectInputEvents = YES;
				INFOPLIST_KEY_UILaunchStoryboardName = "";
				INFOPLIST_KEY_UISupportedInterfaceOrientations_iPad = "UIInterfaceOrientationPortrait UIInterfaceOrientationPortraitUpsideDown UIInterfaceOrientationLandscapeLeft UIInterfaceOrientationLandscapeRight";
				INFOPLIST_KEY_UISupportedInterfaceOrientations_iPhone = "UIInterfaceOrientationPortrait UIInterfaceOrientationLandscapeLeft UIInterfaceOrientationLandscapeRight";
				LD_RUNPATH_SEARCH_PATHS = (
					"$(inherited)",
					"@executable_path/Frameworks",
				);
				MARKETING_VERSION = 1.0;
				OTHER_LDFLAGS = "-Xlinker-interposable";
				PRODUCT_BUNDLE_IDENTIFIER = "sopt.seminar.Sopt-Seminar";
				PRODUCT_NAME = "$(TARGET_NAME)";
				SWIFT_EMIT_LOC_STRINGS = YES;
				SWIFT_VERSION = 5.0;
				TARGETED_DEVICE_FAMILY = "1,2";
				Weather_URL = "https://api.openweathermap.org/data/2.5/weather?";
			};
			name = Release;
		};
/* End XCBuildConfiguration section */

/* Begin XCConfigurationList section */
		F44B4E2629D7FA29003658CD /* Build configuration list for PBXProject "Sopt_Seminar" */ = {
			isa = XCConfigurationList;
			buildConfigurations = (
				F44B4E3D29D7FA2A003658CD /* Debug */,
				F44B4E3E29D7FA2A003658CD /* Release */,
			);
			defaultConfigurationIsVisible = 0;
			defaultConfigurationName = Release;
		};
		F44B4E3F29D7FA2A003658CD /* Build configuration list for PBXNativeTarget "Sopt_Seminar" */ = {
			isa = XCConfigurationList;
			buildConfigurations = (
				F44B4E4029D7FA2A003658CD /* Debug */,
				F44B4E4129D7FA2A003658CD /* Release */,
			);
			defaultConfigurationIsVisible = 0;
			defaultConfigurationName = Release;
		};
/* End XCConfigurationList section */

/* Begin XCRemoteSwiftPackageReference section */
		F4064F8029E13E47006BB626 /* XCRemoteSwiftPackageReference "SnapKit" */ = {
			isa = XCRemoteSwiftPackageReference;
			repositoryURL = "https://github.com/SnapKit/SnapKit";
			requirement = {
				kind = upToNextMajorVersion;
				minimumVersion = 5.0.0;
			};
		};
		F4064F8329E141DC006BB626 /* XCRemoteSwiftPackageReference "Then" */ = {
			isa = XCRemoteSwiftPackageReference;
			repositoryURL = "https://github.com/devxoul/Then.git";
			requirement = {
				kind = upToNextMajorVersion;
				minimumVersion = 3.0.0;
			};
		};
		F4064F8629E14277006BB626 /* XCRemoteSwiftPackageReference "Inject" */ = {
			isa = XCRemoteSwiftPackageReference;
			repositoryURL = "https://github.com/krzysztofzablocki/Inject";
			requirement = {
				kind = upToNextMajorVersion;
				minimumVersion = 1.0.0;
			};
		};
		F4BE7DE32A0618EC00688732 /* XCRemoteSwiftPackageReference "Alamofire" */ = {
			isa = XCRemoteSwiftPackageReference;
			repositoryURL = "https://github.com/Alamofire/Alamofire";
			requirement = {
				kind = upToNextMajorVersion;
				minimumVersion = 5.0.0;
			};
		};
/* End XCRemoteSwiftPackageReference section */

/* Begin XCSwiftPackageProductDependency section */
		F4064F8129E13E47006BB626 /* SnapKit */ = {
			isa = XCSwiftPackageProductDependency;
			package = F4064F8029E13E47006BB626 /* XCRemoteSwiftPackageReference "SnapKit" */;
			productName = SnapKit;
		};
		F4064F8429E141DC006BB626 /* Then */ = {
			isa = XCSwiftPackageProductDependency;
			package = F4064F8329E141DC006BB626 /* XCRemoteSwiftPackageReference "Then" */;
			productName = Then;
		};
		F4064F8729E14277006BB626 /* Inject */ = {
			isa = XCSwiftPackageProductDependency;
			package = F4064F8629E14277006BB626 /* XCRemoteSwiftPackageReference "Inject" */;
			productName = Inject;
		};
		F4BE7DE42A0618EC00688732 /* Alamofire */ = {
			isa = XCSwiftPackageProductDependency;
			package = F4BE7DE32A0618EC00688732 /* XCRemoteSwiftPackageReference "Alamofire" */;
			productName = Alamofire;
		};
/* End XCSwiftPackageProductDependency section */
	};
	rootObject = F44B4E2329D7FA29003658CD /* Project object */;
}
